{
	"name": "org.eclipse.xsmp",
	"lockfileVersion": 3,
	"requires": true,
	"packages": {
		"": {
			"dependencies": {
				"xsmp-modeler": "file:target/xsmp-modeler-0.0.7.tgz"
			}
		},
		"node_modules/@chevrotain/cst-dts-gen": {
			"version": "11.0.3",
			"resolved": "https://registry.npmjs.org/@chevrotain/cst-dts-gen/-/cst-dts-gen-11.0.3.tgz",
			"integrity": "sha512-BvIKpRLeS/8UbfxXxgC33xOumsacaeCKAjAeLyOn7Pcp95HiRbrpl14S+9vaZLolnbssPIUuiUd8IvgkRyt6NQ==",
			"license": "Apache-2.0",
			"dependencies": {
				"@chevrotain/gast": "11.0.3",
				"@chevrotain/types": "11.0.3",
				"lodash-es": "4.17.21"
			}
		},
		"node_modules/@chevrotain/gast": {
			"version": "11.0.3",
			"resolved": "https://registry.npmjs.org/@chevrotain/gast/-/gast-11.0.3.tgz",
			"integrity": "sha512-+qNfcoNk70PyS/uxmj3li5NiECO+2YKZZQMbmjTqRI3Qchu8Hig/Q9vgkHpI3alNjr7M+a2St5pw5w5F6NL5/Q==",
			"license": "Apache-2.0",
			"dependencies": {
				"@chevrotain/types": "11.0.3",
				"lodash-es": "4.17.21"
			}
		},
		"node_modules/@chevrotain/regexp-to-ast": {
			"version": "11.0.3",
			"resolved": "https://registry.npmjs.org/@chevrotain/regexp-to-ast/-/regexp-to-ast-11.0.3.tgz",
			"integrity": "sha512-1fMHaBZxLFvWI067AVbGJav1eRY7N8DDvYCTwGBiE/ytKBgP8azTdgyrKyWZ9Mfh09eHWb5PgTSO8wi7U824RA==",
			"license": "Apache-2.0"
		},
		"node_modules/@chevrotain/types": {
			"version": "11.0.3",
			"resolved": "https://registry.npmjs.org/@chevrotain/types/-/types-11.0.3.tgz",
			"integrity": "sha512-gsiM3G8b58kZC2HaWR50gu6Y1440cHiJ+i3JUvcp/35JchYejb2+5MVeJK0iKThYpAa/P2PYFV4hoi44HD+aHQ==",
			"license": "Apache-2.0"
		},
		"node_modules/@chevrotain/utils": {
			"version": "11.0.3",
			"resolved": "https://registry.npmjs.org/@chevrotain/utils/-/utils-11.0.3.tgz",
			"integrity": "sha512-YslZMgtJUyuMbZ+aKvfF3x1f5liK4mWNxghFRv7jqRR9C3R3fAOGTTKvxXDa2Y1s9zSbcpuO0cAxDYsc9SrXoQ==",
			"license": "Apache-2.0"
		},
		"node_modules/@oozcitak/dom": {
			"version": "1.15.10",
			"resolved": "https://registry.npmjs.org/@oozcitak/dom/-/dom-1.15.10.tgz",
			"integrity": "sha512-0JT29/LaxVgRcGKvHmSrUTEvZ8BXvZhGl2LASRUgHqDTC1M5g1pLmVv56IYNyt3bG2CUjDkc67wnyZC14pbQrQ==",
			"license": "MIT",
			"dependencies": {
				"@oozcitak/infra": "1.0.8",
				"@oozcitak/url": "1.0.4",
				"@oozcitak/util": "8.3.8"
			},
			"engines": {
				"node": ">=8.0"
			}
		},
		"node_modules/@oozcitak/infra": {
			"version": "1.0.8",
			"resolved": "https://registry.npmjs.org/@oozcitak/infra/-/infra-1.0.8.tgz",
			"integrity": "sha512-JRAUc9VR6IGHOL7OGF+yrvs0LO8SlqGnPAMqyzOuFZPSZSXI7Xf2O9+awQPSMXgIWGtgUf/dA6Hs6X6ySEaWTg==",
			"license": "MIT",
			"dependencies": {
				"@oozcitak/util": "8.3.8"
			},
			"engines": {
				"node": ">=6.0"
			}
		},
		"node_modules/@oozcitak/url": {
			"version": "1.0.4",
			"resolved": "https://registry.npmjs.org/@oozcitak/url/-/url-1.0.4.tgz",
			"integrity": "sha512-kDcD8y+y3FCSOvnBI6HJgl00viO/nGbQoCINmQ0h98OhnGITrWR3bOGfwYCthgcrV8AnTJz8MzslTQbC3SOAmw==",
			"license": "MIT",
			"dependencies": {
				"@oozcitak/infra": "1.0.8",
				"@oozcitak/util": "8.3.8"
			},
			"engines": {
				"node": ">=8.0"
			}
		},
		"node_modules/@oozcitak/util": {
			"version": "8.3.8",
			"resolved": "https://registry.npmjs.org/@oozcitak/util/-/util-8.3.8.tgz",
			"integrity": "sha512-T8TbSnGsxo6TDBJx/Sgv/BlVJL3tshxZP7Aq5R1mSnM5OcHY2dQaxLMu2+E8u3gN0MLOzdjurqN4ZRVuzQycOQ==",
			"license": "MIT",
			"engines": {
				"node": ">=8.0"
			}
		},
		"node_modules/argparse": {
			"version": "1.0.10",
			"resolved": "https://registry.npmjs.org/argparse/-/argparse-1.0.10.tgz",
			"integrity": "sha512-o5Roy6tNG4SL/FOkCAN6RzjiakZS25RLYFrcMttJqbdd8BWrnA+fGz57iN5Pb06pvBGvl5gQ0B48dJlslXvoTg==",
			"license": "MIT",
			"dependencies": {
				"sprintf-js": "~1.0.2"
			}
		},
		"node_modules/balanced-match": {
			"version": "1.0.2",
			"resolved": "https://registry.npmjs.org/balanced-match/-/balanced-match-1.0.2.tgz",
			"integrity": "sha512-3oSeUO0TMV67hN1AmbXsK4yaqU7tjiHlbxRDZOpH0KW9+CeX4bRAaX0Anxt0tx2MrpRpWwQaPwIlISEJhYU5Pw==",
			"license": "MIT"
		},
		"node_modules/brace-expansion": {
			"version": "2.0.1",
			"resolved": "https://registry.npmjs.org/brace-expansion/-/brace-expansion-2.0.1.tgz",
			"integrity": "sha512-XnAIvQ8eM+kC6aULx6wuQiwVsnzsi9d3WxzV3FpWTGA19F621kwdbsAcFKXgKUHZWsy+mY6iL1sHTxWEFCytDA==",
			"license": "MIT",
			"dependencies": {
				"balanced-match": "^1.0.0"
			}
		},
		"node_modules/chalk": {
			"version": "5.3.0",
			"resolved": "https://registry.npmjs.org/chalk/-/chalk-5.3.0.tgz",
			"integrity": "sha512-dLitG79d+GV1Nb/VYcCDFivJeK1hiukt9QjRNVOsUtTy1rR1YJsmpGGTZ3qJos+uw7WmWF4wUwBd9jxjocFC2w==",
			"license": "MIT",
			"engines": {
				"node": "^12.17.0 || ^14.13 || >=16.0.0"
			},
			"funding": {
				"url": "https://github.com/chalk/chalk?sponsor=1"
			}
		},
		"node_modules/chevrotain": {
			"version": "11.0.3",
			"resolved": "https://registry.npmjs.org/chevrotain/-/chevrotain-11.0.3.tgz",
			"integrity": "sha512-ci2iJH6LeIkvP9eJW6gpueU8cnZhv85ELY8w8WiFtNjMHA5ad6pQLaJo9mEly/9qUyCpvqX8/POVUTf18/HFdw==",
			"license": "Apache-2.0",
			"dependencies": {
				"@chevrotain/cst-dts-gen": "11.0.3",
				"@chevrotain/gast": "11.0.3",
				"@chevrotain/regexp-to-ast": "11.0.3",
				"@chevrotain/types": "11.0.3",
				"@chevrotain/utils": "11.0.3",
				"lodash-es": "4.17.21"
			}
		},
		"node_modules/chevrotain-allstar": {
			"version": "0.3.1",
			"resolved": "https://registry.npmjs.org/chevrotain-allstar/-/chevrotain-allstar-0.3.1.tgz",
			"integrity": "sha512-b7g+y9A0v4mxCW1qUhf3BSVPg+/NvGErk/dOkrDaHA0nQIQGAtrOjlX//9OQtRlSCy+x9rfB5N8yC71lH1nvMw==",
			"license": "MIT",
			"dependencies": {
				"lodash-es": "^4.17.21"
			},
			"peerDependencies": {
				"chevrotain": "^11.0.0"
			}
		},
		"node_modules/commander": {
			"version": "12.1.0",
			"resolved": "https://registry.npmjs.org/commander/-/commander-12.1.0.tgz",
			"integrity": "sha512-Vw8qHK3bZM9y/P10u3Vib8o/DdkvA2OtPtZvD871QKjy74Wj1WSKFILMPRPSdUSx5RFK1arlJzEtA4PkFgnbuA==",
			"license": "MIT",
			"engines": {
				"node": ">=18"
			}
		},
		"node_modules/esprima": {
			"version": "4.0.1",
			"resolved": "https://registry.npmjs.org/esprima/-/esprima-4.0.1.tgz",
			"integrity": "sha512-eGuFFw7Upda+g4p+QHvnW0RyTX/SVeJBDM/gCtMARO0cLuT2HcEKnTPvhjV6aGeqrCB/sbNop0Kszm0jsaWU4A==",
			"license": "BSD-2-Clause",
			"bin": {
				"esparse": "bin/esparse.js",
				"esvalidate": "bin/esvalidate.js"
			},
			"engines": {
				"node": ">=4"
			}
		},
		"node_modules/js-yaml": {
			"version": "3.14.1",
			"resolved": "https://registry.npmjs.org/js-yaml/-/js-yaml-3.14.1.tgz",
			"integrity": "sha512-okMH7OXXJ7YrN9Ok3/SXrnu4iX9yOk+25nqX4imS2npuvTYDmo/QEZoqwZkYaIDk3jVvBOTOIEgEhaLOynBS9g==",
			"license": "MIT",
			"dependencies": {
				"argparse": "^1.0.7",
				"esprima": "^4.0.0"
			},
			"bin": {
				"js-yaml": "bin/js-yaml.js"
			}
		},
		"node_modules/langium": {
			"version": "3.2.0",
			"resolved": "https://registry.npmjs.org/langium/-/langium-3.2.0.tgz",
			"integrity": "sha512-HxAPgCVC7X+dCN99QKlZMEoaLW4s/mt0IImYrP6ooEBOMh8lJYdFNNSpJ5NIOE+WFwQd3xa2phTJDmJhOWVR7A==",
			"license": "MIT",
			"dependencies": {
				"chevrotain": "~11.0.3",
				"chevrotain-allstar": "~0.3.0",
				"vscode-languageserver": "~9.0.1",
				"vscode-languageserver-textdocument": "~1.0.11",
				"vscode-uri": "~3.0.8"
			},
			"engines": {
				"node": ">=16.0.0"
			}
		},
		"node_modules/lodash-es": {
			"version": "4.17.21",
			"resolved": "https://registry.npmjs.org/lodash-es/-/lodash-es-4.17.21.tgz",
			"integrity": "sha512-mKnC+QJ9pWVzv+C4/U3rRsHapFfHvQFoFB92e52xeyGMcX6/OlIl78je1u8vePzYZSkkogMPJ2yjxxsb89cxyw==",
			"license": "MIT"
		},
		"node_modules/minimatch": {
			"version": "5.1.6",
			"resolved": "https://registry.npmjs.org/minimatch/-/minimatch-5.1.6.tgz",
			"integrity": "sha512-lKwV/1brpG6mBUFHtb7NUmtABCb2WZZmm2wNiOA5hAb8VdCS4B3dtMWyvcoViccwAW/COERjXLt0zP1zXUN26g==",
			"license": "ISC",
			"dependencies": {
				"brace-expansion": "^2.0.1"
			},
			"engines": {
				"node": ">=10"
			}
		},
		"node_modules/p-limit": {
			"version": "6.1.0",
			"resolved": "https://registry.npmjs.org/p-limit/-/p-limit-6.1.0.tgz",
			"integrity": "sha512-H0jc0q1vOzlEk0TqAKXKZxdl7kX3OFUzCnNVUnq5Pc3DGo0kpeaMuPqxQn235HibwBEb0/pm9dgKTjXy66fBkg==",
			"license": "MIT",
			"dependencies": {
				"yocto-queue": "^1.1.1"
			},
			"engines": {
				"node": ">=18"
			},
			"funding": {
				"url": "https://github.com/sponsors/sindresorhus"
			}
		},
		"node_modules/semver": {
			"version": "7.6.3",
			"resolved": "https://registry.npmjs.org/semver/-/semver-7.6.3.tgz",
			"integrity": "sha512-oVekP1cKtI+CTDvHWYFUcMtsK/00wmAEfyqKfNdARm8u1wNVhSgaX7A8d4UuIlUI5e84iEwOhs7ZPYRmzU9U6A==",
			"license": "ISC",
			"bin": {
				"semver": "bin/semver.js"
			},
			"engines": {
				"node": ">=10"
			}
		},
		"node_modules/sprintf-js": {
			"version": "1.0.3",
			"resolved": "https://registry.npmjs.org/sprintf-js/-/sprintf-js-1.0.3.tgz",
			"integrity": "sha512-D9cPgkvLlV3t3IzL0D0YLvGA9Ahk4PcvVwUbN0dSGr1aP0Nrt4AEnTUbuGvquEC0mA64Gqt1fzirlRs5ibXx8g==",
			"license": "BSD-3-Clause"
		},
		"node_modules/vscode-jsonrpc": {
			"version": "8.2.0",
			"resolved": "https://registry.npmjs.org/vscode-jsonrpc/-/vscode-jsonrpc-8.2.0.tgz",
			"integrity": "sha512-C+r0eKJUIfiDIfwJhria30+TYWPtuHJXHtI7J0YlOmKAo7ogxP20T0zxB7HZQIFhIyvoBPwWskjxrvAtfjyZfA==",
			"license": "MIT",
			"engines": {
				"node": ">=14.0.0"
			}
		},
		"node_modules/vscode-languageclient": {
			"version": "9.0.1",
			"resolved": "https://registry.npmjs.org/vscode-languageclient/-/vscode-languageclient-9.0.1.tgz",
			"integrity": "sha512-JZiimVdvimEuHh5olxhxkht09m3JzUGwggb5eRUkzzJhZ2KjCN0nh55VfiED9oez9DyF8/fz1g1iBV3h+0Z2EA==",
			"license": "MIT",
			"dependencies": {
				"minimatch": "^5.1.0",
				"semver": "^7.3.7",
				"vscode-languageserver-protocol": "3.17.5"
			},
			"engines": {
				"vscode": "^1.82.0"
			}
		},
		"node_modules/vscode-languageserver": {
			"version": "9.0.1",
			"resolved": "https://registry.npmjs.org/vscode-languageserver/-/vscode-languageserver-9.0.1.tgz",
			"integrity": "sha512-woByF3PDpkHFUreUa7Hos7+pUWdeWMXRd26+ZX2A8cFx6v/JPTtd4/uN0/jB6XQHYaOlHbio03NTHCqrgG5n7g==",
			"license": "MIT",
			"dependencies": {
				"vscode-languageserver-protocol": "3.17.5"
			},
			"bin": {
				"installServerIntoExtension": "bin/installServerIntoExtension"
			}
		},
		"node_modules/vscode-languageserver-protocol": {
			"version": "3.17.5",
			"resolved": "https://registry.npmjs.org/vscode-languageserver-protocol/-/vscode-languageserver-protocol-3.17.5.tgz",
			"integrity": "sha512-mb1bvRJN8SVznADSGWM9u/b07H7Ecg0I3OgXDuLdn307rl/J3A9YD6/eYOssqhecL27hK1IPZAsaqh00i/Jljg==",
			"license": "MIT",
			"dependencies": {
				"vscode-jsonrpc": "8.2.0",
				"vscode-languageserver-types": "3.17.5"
			}
		},
		"node_modules/vscode-languageserver-textdocument": {
			"version": "1.0.12",
			"resolved": "https://registry.npmjs.org/vscode-languageserver-textdocument/-/vscode-languageserver-textdocument-1.0.12.tgz",
			"integrity": "sha512-cxWNPesCnQCcMPeenjKKsOCKQZ/L6Tv19DTRIGuLWe32lyzWhihGVJ/rcckZXJxfdKCFvRLS3fpBIsV/ZGX4zA==",
			"license": "MIT"
		},
		"node_modules/vscode-languageserver-types": {
			"version": "3.17.5",
			"resolved": "https://registry.npmjs.org/vscode-languageserver-types/-/vscode-languageserver-types-3.17.5.tgz",
			"integrity": "sha512-Ld1VelNuX9pdF39h2Hgaeb5hEZM2Z3jUrrMgWQAu82jMtZp7p3vJT3BzToKtZI7NgQssZje5o0zryOrhQvzQAg==",
			"license": "MIT"
		},
		"node_modules/vscode-uri": {
			"version": "3.0.8",
			"resolved": "https://registry.npmjs.org/vscode-uri/-/vscode-uri-3.0.8.tgz",
			"integrity": "sha512-AyFQ0EVmsOZOlAnxoFOGOq1SQDWAB7C6aqMGS23svWAllfOaxbuFvcT8D1i8z3Gyn8fraVeZNNmN6e9bxxXkKw==",
			"license": "MIT"
		},
		"node_modules/xmlbuilder2": {
			"version": "3.1.1",
			"resolved": "https://registry.npmjs.org/xmlbuilder2/-/xmlbuilder2-3.1.1.tgz",
			"integrity": "sha512-WCSfbfZnQDdLQLiMdGUQpMxxckeQ4oZNMNhLVkcekTu7xhD4tuUDyAPoY8CwXvBYE6LwBHd6QW2WZXlOWr1vCw==",
			"license": "MIT",
			"dependencies": {
				"@oozcitak/dom": "1.15.10",
				"@oozcitak/infra": "1.0.8",
				"@oozcitak/util": "8.3.8",
				"js-yaml": "3.14.1"
			},
			"engines": {
				"node": ">=12.0"
			}
		},
		"node_modules/xsmp-modeler": {
			"version": "0.0.7",
			"resolved": "file:target/xsmp-modeler-0.0.7.tgz",
			"integrity": "sha512-92Ved+rxTDVcQ+lxImlWgrYdxIuj0CV1NZS29/JyTKYxuPdLtfmKZgLQQNwFh2M2S6T2fqwCfuh5FVjv46ReSA==",
			"license": "MIT",
			"dependencies": {
				"chalk": "~5.3.0",
				"commander": "~12.1.0",
				"langium": "~3.2.0",
				"p-limit": "^6.1.0",
				"vscode-languageclient": "~9.0.1",
				"vscode-languageserver": "~9.0.1",
				"xmlbuilder2": "^3.1.1"
			},
			"bin": {
				"xsmpproject-cli": "bin/cli.js"
			},
			"engines": {
				"node": ">=18.0.0",
				"vscode": "^1.67.0"
			}
		},
		"node_modules/yocto-queue": {
			"version": "1.1.1",
			"resolved": "https://registry.npmjs.org/yocto-queue/-/yocto-queue-1.1.1.tgz",
			"integrity": "sha512-b4JR1PFR10y1mKjhHY9LaGo6tmrgjit7hxVIeAmyMw3jegXR4dhYqLaQF5zMXZxY7tLpMyJeLjr1C4rLmkVe8g==",
			"license": "MIT",
			"engines": {
				"node": ">=12.20"
			},
			"funding": {
				"url": "https://github.com/sponsors/sindresorhus"
			}
		}
	}
}
